// !$*UTF8*$!
{
	archiveVersion = 1;
	classes = {
	};
	objectVersion = 48;
	objects = {

/* Begin PBXBuildFile section */
		2721D3851F5FE54B00C05BFB /* PlaneNode.swift in Sources */ = {isa = PBXBuildFile; fileRef = 2721D3841F5FE54B00C05BFB /* PlaneNode.swift */; };
		277EF58D1F5E984200A6FC14 /* Furniture.swift in Sources */ = {isa = PBXBuildFile; fileRef = 277EF58C1F5E984200A6FC14 /* Furniture.swift */; };
		279BF7621F5E697E00EA9078 /* AppDelegate.swift in Sources */ = {isa = PBXBuildFile; fileRef = 279BF7611F5E697E00EA9078 /* AppDelegate.swift */; };
		279BF7641F5E697E00EA9078 /* art.scnassets in Resources */ = {isa = PBXBuildFile; fileRef = 279BF7631F5E697E00EA9078 /* art.scnassets */; };
		279BF7661F5E697E00EA9078 /* ViewController.swift in Sources */ = {isa = PBXBuildFile; fileRef = 279BF7651F5E697E00EA9078 /* ViewController.swift */; };
		279BF7691F5E697E00EA9078 /* Main.storyboard in Resources */ = {isa = PBXBuildFile; fileRef = 279BF7671F5E697E00EA9078 /* Main.storyboard */; };
		279BF76B1F5E697E00EA9078 /* Assets.xcassets in Resources */ = {isa = PBXBuildFile; fileRef = 279BF76A1F5E697E00EA9078 /* Assets.xcassets */; };
		279BF76E1F5E697E00EA9078 /* LaunchScreen.storyboard in Resources */ = {isa = PBXBuildFile; fileRef = 279BF76C1F5E697E00EA9078 /* LaunchScreen.storyboard */; };
		27CCDB431F5FD28400E1F74A /* TouchScrollView.swift in Sources */ = {isa = PBXBuildFile; fileRef = 27CCDB421F5FD28400E1F74A /* TouchScrollView.swift */; };
		27CCDB451F5FE4B500E1F74A /* RecordingButton.swift in Sources */ = {isa = PBXBuildFile; fileRef = 27CCDB441F5FE4B500E1F74A /* RecordingButton.swift */; };
/* End PBXBuildFile section */

/* Begin PBXFileReference section */
		2721D3841F5FE54B00C05BFB /* PlaneNode.swift */ = {isa = PBXFileReference; lastKnownFileType = sourcecode.swift; name = PlaneNode.swift; path = ../../ARKitDiceSample/ARKitDiceSample/PlaneNode.swift; sourceTree = "<group>"; };
		277EF58C1F5E984200A6FC14 /* Furniture.swift */ = {isa = PBXFileReference; lastKnownFileType = sourcecode.swift; path = Furniture.swift; sourceTree = "<group>"; };
		279BF75E1F5E697E00EA9078 /* ARKitFurnitureArrangementSample.app */ = {isa = PBXFileReference; explicitFileType = wrapper.application; includeInIndex = 0; path = ARKitFurnitureArrangementSample.app; sourceTree = BUILT_PRODUCTS_DIR; };
		279BF7611F5E697E00EA9078 /* AppDelegate.swift */ = {isa = PBXFileReference; lastKnownFileType = sourcecode.swift; path = AppDelegate.swift; sourceTree = "<group>"; };
		279BF7631F5E697E00EA9078 /* art.scnassets */ = {isa = PBXFileReference; lastKnownFileType = wrapper.scnassets; path = art.scnassets; sourceTree = "<group>"; };
		279BF7651F5E697E00EA9078 /* ViewController.swift */ = {isa = PBXFileReference; lastKnownFileType = sourcecode.swift; path = ViewController.swift; sourceTree = "<group>"; };
		279BF7681F5E697E00EA9078 /* Base */ = {isa = PBXFileReference; lastKnownFileType = file.storyboard; name = Base; path = Base.lproj/Main.storyboard; sourceTree = "<group>"; };
		279BF76A1F5E697E00EA9078 /* Assets.xcassets */ = {isa = PBXFileReference; lastKnownFileType = folder.assetcatalog; path = Assets.xcassets; sourceTree = "<group>"; };
		279BF76D1F5E697E00EA9078 /* Base */ = {isa = PBXFileReference; lastKnownFileType = file.storyboard; name = Base; path = Base.lproj/LaunchScreen.storyboard; sourceTree = "<group>"; };
		279BF76F1F5E697E00EA9078 /* Info.plist */ = {isa = PBXFileReference; lastKnownFileType = text.plist.xml; path = Info.plist; sourceTree = "<group>"; };
		27CCDB421F5FD28400E1F74A /* TouchScrollView.swift */ = {isa = PBXFileReference; lastKnownFileType = sourcecode.swift; path = TouchScrollView.swift; sourceTree = "<group>"; };
		27CCDB441F5FE4B500E1F74A /* RecordingButton.swift */ = {isa = PBXFileReference; lastKnownFileType = sourcecode.swift; path = RecordingButton.swift; sourceTree = "<group>"; };
/* End PBXFileReference section */

/* Begin PBXFrameworksBuildPhase section */
		279BF75B1F5E697E00EA9078 /* Frameworks */ = {
			isa = PBXFrameworksBuildPhase;
			buildActionMask = 2147483647;
			files = (
			);
			runOnlyForDeploymentPostprocessing = 0;
		};
/* End PBXFrameworksBuildPhase section */

/* Begin PBXGroup section */
		279BF7551F5E697E00EA9078 = {
			isa = PBXGroup;
			children = (
				279BF7601F5E697E00EA9078 /* ARKitFurnitureArrangementSample */,
				279BF75F1F5E697E00EA9078 /* Products */,
			);
			sourceTree = "<group>";
		};
		279BF75F1F5E697E00EA9078 /* Products */ = {
			isa = PBXGroup;
			children = (
				279BF75E1F5E697E00EA9078 /* ARKitFurnitureArrangementSample.app */,
			);
			name = Products;
			sourceTree = "<group>";
		};
		279BF7601F5E697E00EA9078 /* ARKitFurnitureArrangementSample */ = {
			isa = PBXGroup;
			children = (
				2721D3841F5FE54B00C05BFB /* PlaneNode.swift */,
				27CCDB441F5FE4B500E1F74A /* RecordingButton.swift */,
				279BF7611F5E697E00EA9078 /* AppDelegate.swift */,
				279BF7631F5E697E00EA9078 /* art.scnassets */,
				279BF7651F5E697E00EA9078 /* ViewController.swift */,
				279BF7671F5E697E00EA9078 /* Main.storyboard */,
				279BF76A1F5E697E00EA9078 /* Assets.xcassets */,
				279BF76C1F5E697E00EA9078 /* LaunchScreen.storyboard */,
				279BF76F1F5E697E00EA9078 /* Info.plist */,
				277EF58C1F5E984200A6FC14 /* Furniture.swift */,
				27CCDB421F5FD28400E1F74A /* TouchScrollView.swift */,
			);
			path = ARKitFurnitureArrangementSample;
			sourceTree = "<group>";
		};
/* End PBXGroup section */

/* Begin PBXNativeTarget section */
		279BF75D1F5E697E00EA9078 /* ARKitFurnitureArrangementSample */ = {
			isa = PBXNativeTarget;
			buildConfigurationList = 279BF7721F5E697E00EA9078 /* Build configuration list for PBXNativeTarget "ARKitFurnitureArrangementSample" */;
			buildPhases = (
				279BF75A1F5E697E00EA9078 /* Sources */,
				279BF75B1F5E697E00EA9078 /* Frameworks */,
				279BF75C1F5E697E00EA9078 /* Resources */,
			);
			buildRules = (
			);
			dependencies = (
			);
			name = ARKitFurnitureArrangementSample;
			productName = ARKitFurnitureArrangementSample;
			productReference = 279BF75E1F5E697E00EA9078 /* ARKitFurnitureArrangementSample.app */;
			productType = "com.apple.product-type.application";
		};
/* End PBXNativeTarget section */

/* Begin PBXProject section */
		279BF7561F5E697E00EA9078 /* Project object */ = {
			isa = PBXProject;
			attributes = {
				LastSwiftUpdateCheck = 0900;
				LastUpgradeCheck = 0900;
				ORGANIZATIONNAME = js.ne.sapporoworks;
				TargetAttributes = {
					279BF75D1F5E697E00EA9078 = {
						CreatedOnToolsVersion = 9.0;
					};
				};
			};
			buildConfigurationList = 279BF7591F5E697E00EA9078 /* Build configuration list for PBXProject "ARKitFurnitureArrangementSample" */;
			compatibilityVersion = "Xcode 8.0";
			developmentRegion = en;
			hasScannedForEncodings = 0;
			knownRegions = (
				en,
				Base,
			);
			mainGroup = 279BF7551F5E697E00EA9078;
			productRefGroup = 279BF75F1F5E697E00EA9078 /* Products */;
			projectDirPath = "";
			projectRoot = "";
			targets = (
				279BF75D1F5E697E00EA9078 /* ARKitFurnitureArrangementSample */,
			);
		};
/* End PBXProject section */

/* Begin PBXResourcesBuildPhase section */
		279BF75C1F5E697E00EA9078 /* Resources */ = {
			isa = PBXResourcesBuildPhase;
			buildActionMask = 2147483647;
			files = (
				279BF7641F5E697E00EA9078 /* art.scnassets in Resources */,
				279BF76E1F5E697E00EA9078 /* LaunchScreen.storyboard in Resources */,
				279BF76B1F5E697E00EA9078 /* Assets.xcassets in Resources */,
				279BF7691F5E697E00EA9078 /* Main.storyboard in Resources */,
			);
			runOnlyForDeploymentPostprocessing = 0;
		};
/* End PBXResourcesBuildPhase section */

/* Begin PBXSourcesBuildPhase section */
		279BF75A1F5E697E00EA9078 /* Sources */ = {
			isa = PBXSourcesBuildPhase;
			buildActionMask = 2147483647;
			files = (
				279BF7661F5E697E00EA9078 /* ViewController.swift in Sources */,
				27CCDB451F5FE4B500E1F74A /* RecordingButton.swift in Sources */,
				27CCDB431F5FD28400E1F74A /* TouchScrollView.swift in Sources */,
				277EF58D1F5E984200A6FC14 /* Furniture.swift in Sources */,
				2721D3851F5FE54B00C05BFB /* PlaneNode.swift in Sources */,
				279BF7621F5E697E00EA9078 /* AppDelegate.swift in Sources */,
			);
			runOnlyForDeploymentPostprocessing = 0;
		};
/* End PBXSourcesBuildPhase section */

/* Begin PBXVariantGroup section */
		279BF7671F5E697E00EA9078 /* Main.storyboard */ = {
			isa = PBXVariantGroup;
			children = (
				279BF7681F5E697E00EA9078 /* Base */,
			);
			name = Main.storyboard;
			sourceTree = "<group>";
		};
		279BF76C1F5E697E00EA9078 /* LaunchScreen.storyboard */ = {
			isa = PBXVariantGroup;
			children = (
				279BF76D1F5E697E00EA9078 /* Base */,
			);
			name = LaunchScreen.storyboard;
			sourceTree = "<group>";
		};
/* End PBXVariantGroup section */

/* Begin XCBuildConfiguration section */
		279BF7701F5E697E00EA9078 /* Debug */ = {
			isa = XCBuildConfiguration;
			buildSettings = {
				ALWAYS_SEARCH_USER_PATHS = NO;
				CLANG_ANALYZER_NONNULL = YES;
				CLANG_ANALYZER_NUMBER_OBJECT_CONVERSION = YES_AGGRESSIVE;
				CLANG_CXX_LANGUAGE_STANDARD = "gnu++14";
				CLANG_CXX_LIBRARY = "libc++";
				CLANG_ENABLE_MODULES = YES;
				CLANG_ENABLE_OBJC_ARC = YES;
				CLANG_WARN_BLOCK_CAPTURE_AUTORELEASING = YES;
				CLANG_WARN_BOOL_CONVERSION = YES;
				CLANG_WARN_COMMA = YES;
				CLANG_WARN_CONSTANT_CONVERSION = YES;
				CLANG_WARN_DIRECT_OBJC_ISA_USAGE = YES_ERROR;
				CLANG_WARN_DOCUMENTATION_COMMENTS = YES;
				CLANG_WARN_EMPTY_BODY = YES;
				CLANG_WARN_ENUM_CONVERSION = YES;
				CLANG_WARN_INFINITE_RECURSION = YES;
				CLANG_WARN_INT_CONVERSION = YES;
				CLANG_WARN_NON_LITERAL_NULL_CONVERSION = YES;
				CLANG_WARN_OBJC_LITERAL_CONVERSION = YES;
				CLANG_WARN_OBJC_ROOT_CLASS = YES_ERROR;
				CLANG_WARN_RANGE_LOOP_ANALYSIS = YES;
				CLANG_WARN_STRICT_PROTOTYPES = YES;
				CLANG_WARN_SUSPICIOUS_MOVE = YES;
				CLANG_WARN_UNGUARDED_AVAILABILITY = YES_AGGRESSIVE;
				CLANG_WARN_UNREACHABLE_CODE = YES;
				CLANG_WARN__DUPLICATE_METHOD_MATCH = YES;
				CODE_SIGN_IDENTITY = "iPhone Developer";
				COPY_PHASE_STRIP = NO;
				DEBUG_INFORMATION_FORMAT = dwarf;
				ENABLE_STRICT_OBJC_MSGSEND = YES;
				ENABLE_TESTABILITY = YES;
				GCC_C_LANGUAGE_STANDARD = gnu11;
				GCC_DYNAMIC_NO_PIC = NO;
				GCC_NO_COMMON_BLOCKS = YES;
				GCC_OPTIMIZATION_LEVEL = 0;
				GCC_PREPROCESSOR_DEFINITIONS = (
					"DEBUG=1",
					"$(inherited)",
				);
				GCC_WARN_64_TO_32_BIT_CONVERSION = YES;
				GCC_WARN_ABOUT_RETURN_TYPE = YES_ERROR;
				GCC_WARN_UNDECLARED_SELECTOR = YES;
				GCC_WARN_UNINITIALIZED_AUTOS = YES_AGGRESSIVE;
				GCC_WARN_UNUSED_FUNCTION = YES;
				GCC_WARN_UNUSED_VARIABLE = YES;
				IPHONEOS_DEPLOYMENT_TARGET = 11.0;
				MTL_ENABLE_DEBUG_INFO = YES;
				ONLY_ACTIVE_ARCH = YES;
				SDKROOT = iphoneos;
				SWIFT_ACTIVE_COMPILATION_CONDITIONS = DEBUG;
				SWIFT_OPTIMIZATION_LEVEL = "-Onone";
			};
			name = Debug;
		};
		279BF7711F5E697E00EA9078 /* Release */ = {
			isa = XCBuildConfiguration;
			buildSettings = {
				ALWAYS_SEARCH_USER_PATHS = NO;
				CLANG_ANALYZER_NONNULL = YES;
				CLANG_ANALYZER_NUMBER_OBJECT_CONVERSION = YES_AGGRESSIVE;
				CLANG_CXX_LANGUAGE_STANDARD = "gnu++14";
				CLANG_CXX_LIBRARY = "libc++";
				CLANG_ENABLE_MODULES = YES;
				CLANG_ENABLE_OBJC_ARC = YES;
				CLANG_WARN_BLOCK_CAPTURE_AUTORELEASING = YES;
				CLANG_WARN_BOOL_CONVERSION = YES;
				CLANG_WARN_COMMA = YES;
				CLANG_WARN_CONSTANT_CONVERSION = YES;
				CLANG_WARN_DIRECT_OBJC_ISA_USAGE = YES_ERROR;
				CLANG_WARN_DOCUMENTATION_COMMENTS = YES;
				CLANG_WARN_EMPTY_BODY = YES;
				CLANG_WARN_ENUM_CONVERSION = YES;
				CLANG_WARN_INFINITE_RECURSION = YES;
				CLANG_WARN_INT_CONVERSION = YES;
				CLANG_WARN_NON_LITERAL_NULL_CONVERSION = YES;
				CLANG_WARN_OBJC_LITERAL_CONVERSION = YES;
				CLANG_WARN_OBJC_ROOT_CLASS = YES_ERROR;
				CLANG_WARN_RANGE_LOOP_ANALYSIS = YES;
				CLANG_WARN_STRICT_PROTOTYPES = YES;
				CLANG_WARN_SUSPICIOUS_MOVE = YES;
				CLANG_WARN_UNGUARDED_AVAILABILITY = YES_AGGRESSIVE;
				CLANG_WARN_UNREACHABLE_CODE = YES;
				CLANG_WARN__DUPLICATE_METHOD_MATCH = YES;
				CODE_SIGN_IDENTITY = "iPhone Developer";
				COPY_PHASE_STRIP = NO;
				DEBUG_INFORMATION_FORMAT = "dwarf-with-dsym";
				ENABLE_NS_ASSERTIONS = NO;
				ENABLE_STRICT_OBJC_MSGSEND = YES;
				GCC_C_LANGUAGE_STANDARD = gnu11;
				GCC_NO_COMMON_BLOCKS = YES;
				GCC_WARN_64_TO_32_BIT_CONVERSION = YES;
				GCC_WARN_ABOUT_RETURN_TYPE = YES_ERROR;
				GCC_WARN_UNDECLARED_SELECTOR = YES;
				GCC_WARN_UNINITIALIZED_AUTOS = YES_AGGRESSIVE;
				GCC_WARN_UNUSED_FUNCTION = YES;
				GCC_WARN_UNUSED_VARIABLE = YES;
				IPHONEOS_DEPLOYMENT_TARGET = 11.0;
				MTL_ENABLE_DEBUG_INFO = NO;
				SDKROOT = iphoneos;
				SWIFT_OPTIMIZATION_LEVEL = "-Owholemodule";
				VALIDATE_PRODUCT = YES;
			};
			name = Release;
		};
		279BF7731F5E697E00EA9078 /* Debug */ = {
			isa = XCBuildConfiguration;
			buildSettings = {
				ASSETCATALOG_COMPILER_APPICON_NAME = AppIcon;
				DEVELOPMENT_TEAM = T32GQ84AVX;
				INFOPLIST_FILE = ARKitFurnitureArrangementSample/Info.plist;
				LD_RUNPATH_SEARCH_PATHS = "$(inherited) @executable_path/Frameworks";
				PRODUCT_BUNDLE_IDENTIFIER = SAPPOROWORKS.ARKitFurnitureArrangementSample;
				PRODUCT_NAME = "$(TARGET_NAME)";
				SWIFT_VERSION = 4.0;
				TARGETED_DEVICE_FAMILY = "1,2";
			};
			name = Debug;
		};
		279BF7741F5E697E00EA9078 /* Release */ = {
			isa = XCBuildConfiguration;
			buildSettings = {
				ASSETCATALOG_COMPILER_APPICON_NAME = AppIcon;
				DEVELOPMENT_TEAM = T32GQ84AVX;
				INFOPLIST_FILE = ARKitFurnitureArrangementSample/Info.plist;
				LD_RUNPATH_SEARCH_PATHS = "$(inherited) @executable_path/Frameworks";
				PRODUCT_BUNDLE_IDENTIFIER = SAPPOROWORKS.ARKitFurnitureArrangementSample;
				PRODUCT_NAME = "$(TARGET_NAME)";
				SWIFT_VERSION = 4.0;
				TARGETED_DEVICE_FAMILY = "1,2";
			};
			name = Release;
		};
/* End XCBuildConfiguration section */

/* Begin XCConfigurationList section */
		279BF7591F5E697E00EA9078 /* Build configuration list for PBXProject "ARKitFurnitureArrangementSample" */ = {
			isa = XCConfigurationList;
			buildConfigurations = (
				279BF7701F5E697E00EA9078 /* Debug */,
				279BF7711F5E697E00EA9078 /* Release */,
			);
			defaultConfigurationIsVisible = 0;
			defaultConfigurationName = Release;
		};
		279BF7721F5E697E00EA9078 /* Build configuration list for PBXNativeTarget "ARKitFurnitureArrangementSample" */ = {
			isa = XCConfigurationList;
			buildConfigurations = (
				279BF7731F5E697E00EA9078 /* Debug */,
				279BF7741F5E697E00EA9078 /* Release */,
			);
			defaultConfigurationIsVisible = 0;
			defaultConfigurationName = Release;
		};
/* End XCConfigurationList section */
	};
	rootObject = 279BF7561F5E697E00EA9078 /* Project object */;
}
